
Microsoft Visual Studio Solution File, Format Version 12.00
# Visual Studio 2013
VisualStudioVersion = 12.0.40629.0
MinimumVisualStudioVersion = 10.0.40219.1
Project("{FAE04EC0-301F-11D3-BF4B-00C04F79EFBC}") = "WpfApplication2", "WpfApplication2\WpfApplication2.csproj", "{30BA0640-CC72-468D-8A93-E62528D7B4A9}"
EndProject
Project("{2150E333-8FDC-42A3-9474-1A3956D46DE8}") = "Solution Items", "Solution Items", "{0E739C96-30CB-44AD-9680-F9C689F22C01}"
EndProject
Global
	GlobalSection(SolutionConfigurationPlatforms) = preSolution
		Debug|Any CPU = Debug|Any CPU
		Release|Any CPU = Release|Any CPU
	EndGlobalSection
	GlobalSection(ProjectConfigurationPlatforms) = postSolution
		{30BA0640-CC72-468D-8A93-E62528D7B4A9}.Debug|Any CPU.ActiveCfg = Debug|Any CPU
		{30BA0640-CC72-468D-8A93-E62528D7B4A9}.Debug|Any CPU.Build.0 = Debug|Any CPU
		{30BA0640-CC72-468D-8A93-E62528D7B4A9}.Release|Any CPU.ActiveCfg = Release|Any CPU
		{30BA0640-CC72-468D-8A93-E62528D7B4A9}.Release|Any CPU.Build.0 = Release|Any CPU
	EndGlobalSection
	GlobalSection(SolutionProperties) = preSolution
		HideSolutionNode = FALSE
	EndGlobalSection
EndGlobal
